
Microsoft Visual Studio Solution File, Format Version 12.00
# Visual Studio 2017
Project("{FAE04EC0-301F-11D3-BF4B-00C04F79EFBC}") = "RPS", "RPS.csproj", "{BF33E9CD-4C34-CA12-BB00-DF1C482C7B8C}"
EndProject
Global
	GlobalSection(SolutionConfigurationPlatforms) = preSolution
		Debug|Any CPU = Debug|Any CPU
		Release|Any CPU = Release|Any CPU
	EndGlobalSection
	GlobalSection(ProjectConfigurationPlatforms) = postSolution
		{BF33E9CD-4C34-CA12-BB00-DF1C482C7B8C}.Debug|Any CPU.ActiveCfg = Debug|Any CPU
		{BF33E9CD-4C34-CA12-BB00-DF1C482C7B8C}.Debug|Any CPU.Build.0 = Debug|Any CPU
		{BF33E9CD-4C34-CA12-BB00-DF1C482C7B8C}.Release|Any CPU.ActiveCfg = Release|Any CPU
		{BF33E9CD-4C34-CA12-BB00-DF1C482C7B8C}.Release|Any CPU.Build.0 = Release|Any CPU
	EndGlobalSection
	GlobalSection(SolutionProperties) = preSolution
		HideSolutionNode = FALSE
	EndGlobalSection
EndGlobal
